<?xml version="1.0" encoding="UTF-8" standalone="yes" ?>
<CodeBlocks_project_file>
	<FileVersion major="1" minor="6" />
	<Project>
		<Option title="plib" />
		<Option pch_mode="0" />
		<Option compiler="gcc" />
		<Build>
			<Target title="default">
				<Option output="lib/libplib.a" prefix_auto="0" extension_auto="0" />
				<Option working_dir="" />
				<Option object_output="Output" />
				<Option type="2" />
				<Option compiler="gcc" />
				<Option createDefFile="1" />
				<Option projectResourceIncludeDirsRelation="2" />
			</Target>
		</Build>
		<VirtualTargets>
			<Add alias="All" targets="default;" />
		</VirtualTargets>
		<Compiler>
			<Add option="-O2" />
			<Add option="-D_WIN32 -DUL_WIN32=1 -DUL_MSVC=0 -DOPENGLUT_STATIC" />
			<Add directory="include/plib" />
		</Compiler>
		<Linker>
			<Add library="openglut" />
			<Add library="glu32" />
			<Add library="opengl32" />
			<Add library="winmm" />
			<Add library="gdi32" />
		</Linker>
		<Unit filename="src/fnt/fnt.cxx" />
		<Unit filename="src/fnt/fnt.h" />
		<Unit filename="src/fnt/fntBitmap.cxx" />
		<Unit filename="src/fnt/fntLocal.h" />
		<Unit filename="src/fnt/fntTXF.cxx" />
		<Unit filename="src/js/js.cxx" />
		<Unit filename="src/js/js.h" />
		<Unit filename="src/js/jsBSD.cxx" />
		<Unit filename="src/js/jsLinux.cxx" />
		<Unit filename="src/js/jsLinuxOld.cxx" />
		<Unit filename="src/js/jsMacOS.cxx" />
		<Unit filename="src/js/jsMacOSX.cxx" />
		<Unit filename="src/js/jsNone.cxx" />
		<Unit filename="src/js/jsWindows.cxx" />
		<Unit filename="src/net/net.h" />
		<Unit filename="src/net/netBuffer.cxx" />
		<Unit filename="src/net/netBuffer.h" />
		<Unit filename="src/net/netChannel.cxx" />
		<Unit filename="src/net/netChannel.h" />
		<Unit filename="src/net/netChat.cxx" />
		<Unit filename="src/net/netChat.h" />
		<Unit filename="src/net/netMessage.cxx" />
		<Unit filename="src/net/netMessage.h" />
		<Unit filename="src/net/netMonitor.cxx" />
		<Unit filename="src/net/netMonitor.h" />
		<Unit filename="src/net/netSocket.cxx" />
		<Unit filename="src/net/netSocket.h" />
		<Unit filename="src/psl/psl.cxx" />
		<Unit filename="src/psl/psl.h" />
		<Unit filename="src/psl/pslCodeGen.cxx" />
		<Unit filename="src/psl/pslCompiler.cxx" />
		<Unit filename="src/psl/pslCompiler.h" />
		<Unit filename="src/psl/pslContext.cxx" />
		<Unit filename="src/psl/pslContext.h" />
		<Unit filename="src/psl/pslDump.cxx" />
		<Unit filename="src/psl/pslError.cxx" />
		<Unit filename="src/psl/pslExpression.cxx" />
		<Unit filename="src/psl/pslFileIO.cxx" />
		<Unit filename="src/psl/pslFileIO.h" />
		<Unit filename="src/psl/pslLocal.h" />
		<Unit filename="src/psl/pslOpcodes.h" />
		<Unit filename="src/psl/pslProgram.cxx" />
		<Unit filename="src/psl/pslSymbol.h" />
		<Unit filename="src/psl/pslSymbols.cxx" />
		<Unit filename="src/psl/pslToken.cxx" />
		<Unit filename="src/puAux/puAux.cxx" />
		<Unit filename="src/puAux/puAux.h" />
		<Unit filename="src/puAux/puAuxBiSlider.cxx" />
		<Unit filename="src/puAux/puAuxBiSliderWithEnds.cxx" />
		<Unit filename="src/puAux/puAuxChooser.cxx" />
		<Unit filename="src/puAux/puAuxComboBox.cxx" />
		<Unit filename="src/puAux/puAuxCompass.cxx" />
		<Unit filename="src/puAux/puAuxFileSelector.cxx" />
		<Unit filename="src/puAux/puAuxLargeInput.cxx" />
		<Unit filename="src/puAux/puAuxLocal.h" />
		<Unit filename="src/puAux/puAuxScrollBar.cxx" />
		<Unit filename="src/puAux/puAuxSelectBox.cxx" />
		<Unit filename="src/puAux/puAuxSliderWithInput.cxx" />
		<Unit filename="src/puAux/puAuxSpinBox.cxx" />
		<Unit filename="src/puAux/puAuxTriSlider.cxx" />
		<Unit filename="src/puAux/puAuxVerticalMenu.cxx" />
		<Unit filename="src/pui/pu.cxx" />
		<Unit filename="src/pui/pu.h" />
		<Unit filename="src/pui/puArrowButton.cxx" />
		<Unit filename="src/pui/puBox.cxx" />
		<Unit filename="src/pui/puButton.cxx" />
		<Unit filename="src/pui/puButtonBox.cxx" />
		<Unit filename="src/pui/puDial.cxx" />
		<Unit filename="src/pui/puDialogBox.cxx" />
		<Unit filename="src/pui/puFLTK.h" />
		<Unit filename="src/pui/puFont.cxx" />
		<Unit filename="src/pui/puFrame.cxx" />
		<Unit filename="src/pui/puGLUT.h" />
		<Unit filename="src/pui/puGroup.cxx" />
		<Unit filename="src/pui/puInput.cxx" />
		<Unit filename="src/pui/puInputBase.cxx" />
		<Unit filename="src/pui/puInterface.cxx" />
		<Unit filename="src/pui/puListBox.cxx" />
		<Unit filename="src/pui/puLocal.h" />
		<Unit filename="src/pui/puMenuBar.cxx" />
		<Unit filename="src/pui/puNative.h" />
		<Unit filename="src/pui/puObject.cxx" />
		<Unit filename="src/pui/puOneShot.cxx" />
		<Unit filename="src/pui/puPW.h" />
		<Unit filename="src/pui/puPopup.cxx" />
		<Unit filename="src/pui/puPopupMenu.cxx" />
		<Unit filename="src/pui/puRange.cxx" />
		<Unit filename="src/pui/puSDL.h" />
		<Unit filename="src/pui/puSlider.cxx" />
		<Unit filename="src/pui/puText.cxx" />
		<Unit filename="src/pui/puValue.cxx" />
		<Unit filename="src/pw/pw.cxx" />
		<Unit filename="src/pw/pw.h" />
		<Unit filename="src/pw/pwMacOSX.cxx" />
		<Unit filename="src/pw/pwWindows.cxx" />
		<Unit filename="src/pw/pwX11.cxx" />
		<Unit filename="src/sg/sg.cxx" />
		<Unit filename="src/sg/sg.h" />
		<Unit filename="src/sg/sgIsect.cxx" />
		<Unit filename="src/sg/sgPerlinNoise.cxx" />
		<Unit filename="src/sg/sgd.cxx" />
		<Unit filename="src/sg/sgdIsect.cxx" />
		<Unit filename="src/sl/sl.h" />
		<Unit filename="src/sl/slDSP.cxx" />
		<Unit filename="src/sl/slEnvelope.cxx" />
		<Unit filename="src/sl/slMODPlayer.cxx" />
		<Unit filename="src/sl/slMODPrivate.h" />
		<Unit filename="src/sl/slMODdacio.cxx" />
		<Unit filename="src/sl/slMODfile.cxx" />
		<Unit filename="src/sl/slMODfile.h" />
		<Unit filename="src/sl/slMODinst.cxx" />
		<Unit filename="src/sl/slMODnote.cxx" />
		<Unit filename="src/sl/slPlayer.cxx" />
		<Unit filename="src/sl/slPortability.h" />
		<Unit filename="src/sl/slSample.cxx" />
		<Unit filename="src/sl/slSamplePlayer.cxx" />
		<Unit filename="src/sl/slScheduler.cxx" />
		<Unit filename="src/sl/sm.h" />
		<Unit filename="src/sl/smMixer.cxx" />
		<Unit filename="src/ssgAux/ssgAux.cxx" />
		<Unit filename="src/ssgAux/ssgAux.h" />
		<Unit filename="src/ssgAux/ssgaBillboards.cxx" />
		<Unit filename="src/ssgAux/ssgaBillboards.h" />
		<Unit filename="src/ssgAux/ssgaCelestialBody.cxx" />
		<Unit filename="src/ssgAux/ssgaCloudLayer.cxx" />
		<Unit filename="src/ssgAux/ssgaFire.cxx" />
		<Unit filename="src/ssgAux/ssgaFire.h" />
		<Unit filename="src/ssgAux/ssgaLensFlare.cxx" />
		<Unit filename="src/ssgAux/ssgaLensFlare.h" />
		<Unit filename="src/ssgAux/ssgaLensFlareTexture.cxx" />
		<Unit filename="src/ssgAux/ssgaParticleSystem.cxx" />
		<Unit filename="src/ssgAux/ssgaParticleSystem.h" />
		<Unit filename="src/ssgAux/ssgaPatch.cxx" />
		<Unit filename="src/ssgAux/ssgaScreenDump.cxx" />
		<Unit filename="src/ssgAux/ssgaScreenDump.h" />
		<Unit filename="src/ssgAux/ssgaShapes.cxx" />
		<Unit filename="src/ssgAux/ssgaShapes.h" />
		<Unit filename="src/ssgAux/ssgaSky.cxx" />
		<Unit filename="src/ssgAux/ssgaSky.h" />
		<Unit filename="src/ssgAux/ssgaSkyDome.cxx" />
		<Unit filename="src/ssgAux/ssgaSphere.cxx" />
		<Unit filename="src/ssgAux/ssgaSphere.h" />
		<Unit filename="src/ssgAux/ssgaStars.cxx" />
		<Unit filename="src/ssgAux/ssgaTeapot.cxx" />
		<Unit filename="src/ssgAux/ssgaWaveSystem.cxx" />
		<Unit filename="src/ssgAux/ssgaWaveSystem.h" />
		<Unit filename="src/ssg/pcx.h" />
		<Unit filename="src/ssg/ssg.cxx" />
		<Unit filename="src/ssg/ssg.h" />
		<Unit filename="src/ssg/ssg3ds.h" />
		<Unit filename="src/ssg/ssgAnimTransform.cxx" />
		<Unit filename="src/ssg/ssgAnimation.cxx" />
		<Unit filename="src/ssg/ssgAxisTransform.cxx" />
		<Unit filename="src/ssg/ssgBase.cxx" />
		<Unit filename="src/ssg/ssgBaseTransform.cxx" />
		<Unit filename="src/ssg/ssgBranch.cxx" />
		<Unit filename="src/ssg/ssgContext.cxx" />
		<Unit filename="src/ssg/ssgCutout.cxx" />
		<Unit filename="src/ssg/ssgDList.cxx" />
		<Unit filename="src/ssg/ssgEntity.cxx" />
		<Unit filename="src/ssg/ssgIO.cxx" />
		<Unit filename="src/ssg/ssgInvisible.cxx" />
		<Unit filename="src/ssg/ssgIsect.cxx" />
		<Unit filename="src/ssg/ssgKeyFlier.h" />
		<Unit filename="src/ssg/ssgLeaf.cxx" />
		<Unit filename="src/ssg/ssgList.cxx" />
		<Unit filename="src/ssg/ssgLoad.cxx" />
		<Unit filename="src/ssg/ssgLoad3ds.cxx" />
		<Unit filename="src/ssg/ssgLoadAC.cxx" />
		<Unit filename="src/ssg/ssgLoadASC.cxx" />
		<Unit filename="src/ssg/ssgLoadASE.cxx" />
		<Unit filename="src/ssg/ssgLoadATG.cxx" />
		<Unit filename="src/ssg/ssgLoadBMP.cxx" />
		<Unit filename="src/ssg/ssgLoadDOF.cxx" />
		<Unit filename="src/ssg/ssgLoadDXF.cxx" />
		<Unit filename="src/ssg/ssgLoadFLT.cxx" />
		<Unit filename="src/ssg/ssgLoadIV.cxx" />
		<Unit filename="src/ssg/ssgLoadM.cxx" />
		<Unit filename="src/ssg/ssgLoadMD2.cxx" />
		<Unit filename="src/ssg/ssgLoadMDL.cxx" />
		<Unit filename="src/ssg/ssgLoadMDL.h" />
		<Unit filename="src/ssg/ssgLoadMDL_BGLTexture.cxx" />
		<Unit filename="src/ssg/ssgLoadOBJ.cxx" />
		<Unit filename="src/ssg/ssgLoadOFF.cxx" />
		<Unit filename="src/ssg/ssgLoadPCX.cxx" />
		<Unit filename="src/ssg/ssgLoadPNG.cxx" />
		<Unit filename="src/ssg/ssgLoadSGI.cxx" />
		<Unit filename="src/ssg/ssgLoadSSG.cxx" />
		<Unit filename="src/ssg/ssgLoadStrip.cxx" />
		<Unit filename="src/ssg/ssgLoadTGA.cxx" />
		<Unit filename="src/ssg/ssgLoadTRI.cxx" />
		<Unit filename="src/ssg/ssgLoadTexture.cxx" />
		<Unit filename="src/ssg/ssgLoadVRML.h" />
		<Unit filename="src/ssg/ssgLoadVRML1.cxx" />
		<Unit filename="src/ssg/ssgLoadX.cxx" />
		<Unit filename="src/ssg/ssgLoadXPlaneObj.cxx" />
		<Unit filename="src/ssg/ssgLoaderWriterStuff.cxx" />
		<Unit filename="src/ssg/ssgLoaderWriterStuff.h" />
		<Unit filename="src/ssg/ssgLocal.h" />
		<Unit filename="src/ssg/ssgMSFSPalette.h" />
		<Unit filename="src/ssg/ssgOptimiser.cxx" />
		<Unit filename="src/ssg/ssgParser.cxx" />
		<Unit filename="src/ssg/ssgParser.h" />
		<Unit filename="src/ssg/ssgRangeSelector.cxx" />
		<Unit filename="src/ssg/ssgRoot.cxx" />
		<Unit filename="src/ssg/ssgSave3ds.cxx" />
		<Unit filename="src/ssg/ssgSaveAC.cxx" />
		<Unit filename="src/ssg/ssgSaveASC.cxx" />
		<Unit filename="src/ssg/ssgSaveASE.cxx" />
		<Unit filename="src/ssg/ssgSaveATG.cxx" />
		<Unit filename="src/ssg/ssgSaveDXF.cxx" />
		<Unit filename="src/ssg/ssgSaveFLT.cxx" />
		<Unit filename="src/ssg/ssgSaveIV.cxx" />
		<Unit filename="src/ssg/ssgSaveM.cxx" />
		<Unit filename="src/ssg/ssgSaveOBJ.cxx" />
		<Unit filename="src/ssg/ssgSaveOFF.cxx" />
		<Unit filename="src/ssg/ssgSaveQHI.cxx" />
		<Unit filename="src/ssg/ssgSaveTRI.cxx" />
		<Unit filename="src/ssg/ssgSaveVRML1.cxx" />
		<Unit filename="src/ssg/ssgSaveX.cxx" />
		<Unit filename="src/ssg/ssgSelector.cxx" />
		<Unit filename="src/ssg/ssgSimpleList.cxx" />
		<Unit filename="src/ssg/ssgSimpleState.cxx" />
		<Unit filename="src/ssg/ssgState.cxx" />
		<Unit filename="src/ssg/ssgStateSelector.cxx" />
		<Unit filename="src/ssg/ssgStateTables.cxx" />
		<Unit filename="src/ssg/ssgStatistics.cxx" />
		<Unit filename="src/ssg/ssgStats.cxx" />
		<Unit filename="src/ssg/ssgTexTrans.cxx" />
		<Unit filename="src/ssg/ssgTexture.cxx" />
		<Unit filename="src/ssg/ssgTransform.cxx" />
		<Unit filename="src/ssg/ssgTween.cxx" />
		<Unit filename="src/ssg/ssgTweenController.cxx" />
		<Unit filename="src/ssg/ssgVTable.cxx" />
		<Unit filename="src/ssg/ssgVertSplitter.cxx" />
		<Unit filename="src/ssg/ssgVertSplitter.h" />
		<Unit filename="src/ssg/ssgVtxArray.cxx" />
		<Unit filename="src/ssg/ssgVtxTable.cxx" />
		<Unit filename="src/ssg/ssgconf.h" />
		<Unit filename="src/util/ul.cxx" />
		<Unit filename="src/util/ul.h" />
		<Unit filename="src/util/ulClock.cxx" />
		<Unit filename="src/util/ulError.cxx" />
		<Unit filename="src/util/ulLinkedList.cxx" />
		<Unit filename="src/util/ulList.cxx" />
		<Unit filename="src/util/ulLocal.h" />
		<Unit filename="src/util/ulRTTI.cxx" />
		<Unit filename="src/util/ulRTTI.h" />
		<Extensions>
			<code_completion />
			<debugger />
			<envvars />
		</Extensions>
	</Project>
</CodeBlocks_project_file>
